
Microsoft Visual Studio Solution File, Format Version 12.00
# Visual Studio 15
Project("{FAE04EC0-301F-11D3-BF4B-00C04F79EFBC}") = "Assembly-CSharp", "Assembly-CSharp.csproj", "{D90E37D8-D656-A60B-83F6-757BC3D50468}"
EndProject
Project("{FAE04EC0-301F-11D3-BF4B-00C04F79EFBC}") = "Assembly-CSharp-firstpass", "Assembly-CSharp-firstpass.csproj", "{25A8A9B3-42EB-E43C-935C-790CAB85BD4E}"
EndProject
Project("{FAE04EC0-301F-11D3-BF4B-00C04F79EFBC}") = "Assembly-CSharp-Editor", "Assembly-CSharp-Editor.csproj", "{D5D17E51-D510-2377-92FA-2971B6DC51AA}"
EndProject
Global
	GlobalSection(SolutionConfigurationPlatforms) = preSolution
		Debug|Any CPU = Debug|Any CPU
		Release|Any CPU = Release|Any CPU
	EndGlobalSection
	GlobalSection(ProjectConfigurationPlatforms) = postSolution
		{D90E37D8-D656-A60B-83F6-757BC3D50468}.Debug|Any CPU.ActiveCfg = Debug|Any CPU
		{D90E37D8-D656-A60B-83F6-757BC3D50468}.Debug|Any CPU.Build.0 = Debug|Any CPU
		{D90E37D8-D656-A60B-83F6-757BC3D50468}.Release|Any CPU.ActiveCfg = Release|Any CPU
		{D90E37D8-D656-A60B-83F6-757BC3D50468}.Release|Any CPU.Build.0 = Release|Any CPU
		{25A8A9B3-42EB-E43C-935C-790CAB85BD4E}.Debug|Any CPU.ActiveCfg = Debug|Any CPU
		{25A8A9B3-42EB-E43C-935C-790CAB85BD4E}.Debug|Any CPU.Build.0 = Debug|Any CPU
		{25A8A9B3-42EB-E43C-935C-790CAB85BD4E}.Release|Any CPU.ActiveCfg = Release|Any CPU
		{25A8A9B3-42EB-E43C-935C-790CAB85BD4E}.Release|Any CPU.Build.0 = Release|Any CPU
		{D5D17E51-D510-2377-92FA-2971B6DC51AA}.Debug|Any CPU.ActiveCfg = Debug|Any CPU
		{D5D17E51-D510-2377-92FA-2971B6DC51AA}.Debug|Any CPU.Build.0 = Debug|Any CPU
		{D5D17E51-D510-2377-92FA-2971B6DC51AA}.Release|Any CPU.ActiveCfg = Release|Any CPU
		{D5D17E51-D510-2377-92FA-2971B6DC51AA}.Release|Any CPU.Build.0 = Release|Any CPU
	EndGlobalSection
	GlobalSection(SolutionProperties) = preSolution
		HideSolutionNode = FALSE
	EndGlobalSection
EndGlobal
